
Microsoft Visual Studio Solution File, Format Version 12.00
# Visual Studio Version 17
VisualStudioVersion = 17.13.35931.197
MinimumVisualStudioVersion = 10.0.40219.1
Project("{FAE04EC0-301F-11D3-BF4B-00C04F79EFBC}") = "Orders.API", "Orders.API.csproj", "{96C947E3-612F-454A-A251-844675376670}"
EndProject
Project("{FAE04EC0-301F-11D3-BF4B-00C04F79EFBC}") = "Orders.Application", "..\Orders.Application\Orders.Application.csproj", "{69901AEE-144B-5195-5047-78CF16A3B90E}"
EndProject
Project("{FAE04EC0-301F-11D3-BF4B-00C04F79EFBC}") = "Orders.Domain", "..\Orders.Domain\Orders.Domain.csproj", "{99E0CE20-ADB8-CC2E-2710-57A5876C4EAB}"
EndProject
Project("{FAE04EC0-301F-11D3-BF4B-00C04F79EFBC}") = "Orders.Infrastructure", "..\Orders.Infrastructure\Orders.Infrastructure.csproj", "{824386E0-CB0E-7FC6-485B-66F8BB783495}"
EndProject
Project("{FAE04EC0-301F-11D3-BF4B-00C04F79EFBC}") = "Orders.UnitTest", "..\Orders.UnitTest\Orders.UnitTest.csproj", "{95A2D915-B8AC-3E7C-AA4C-D634F40B5DEF}"
EndProject
Global
	GlobalSection(SolutionConfigurationPlatforms) = preSolution
		Debug|Any CPU = Debug|Any CPU
		Release|Any CPU = Release|Any CPU
	EndGlobalSection
	GlobalSection(ProjectConfigurationPlatforms) = postSolution
		{96C947E3-612F-454A-A251-844675376670}.Debug|Any CPU.ActiveCfg = Debug|Any CPU
		{96C947E3-612F-454A-A251-844675376670}.Debug|Any CPU.Build.0 = Debug|Any CPU
		{96C947E3-612F-454A-A251-844675376670}.Release|Any CPU.ActiveCfg = Release|Any CPU
		{96C947E3-612F-454A-A251-844675376670}.Release|Any CPU.Build.0 = Release|Any CPU
		{69901AEE-144B-5195-5047-78CF16A3B90E}.Debug|Any CPU.ActiveCfg = Debug|Any CPU
		{69901AEE-144B-5195-5047-78CF16A3B90E}.Debug|Any CPU.Build.0 = Debug|Any CPU
		{69901AEE-144B-5195-5047-78CF16A3B90E}.Release|Any CPU.ActiveCfg = Release|Any CPU
		{69901AEE-144B-5195-5047-78CF16A3B90E}.Release|Any CPU.Build.0 = Release|Any CPU
		{99E0CE20-ADB8-CC2E-2710-57A5876C4EAB}.Debug|Any CPU.ActiveCfg = Debug|Any CPU
		{99E0CE20-ADB8-CC2E-2710-57A5876C4EAB}.Debug|Any CPU.Build.0 = Debug|Any CPU
		{99E0CE20-ADB8-CC2E-2710-57A5876C4EAB}.Release|Any CPU.ActiveCfg = Release|Any CPU
		{99E0CE20-ADB8-CC2E-2710-57A5876C4EAB}.Release|Any CPU.Build.0 = Release|Any CPU
		{824386E0-CB0E-7FC6-485B-66F8BB783495}.Debug|Any CPU.ActiveCfg = Debug|Any CPU
		{824386E0-CB0E-7FC6-485B-66F8BB783495}.Debug|Any CPU.Build.0 = Debug|Any CPU
		{824386E0-CB0E-7FC6-485B-66F8BB783495}.Release|Any CPU.ActiveCfg = Release|Any CPU
		{824386E0-CB0E-7FC6-485B-66F8BB783495}.Release|Any CPU.Build.0 = Release|Any CPU
		{95A2D915-B8AC-3E7C-AA4C-D634F40B5DEF}.Debug|Any CPU.ActiveCfg = Debug|Any CPU
		{95A2D915-B8AC-3E7C-AA4C-D634F40B5DEF}.Debug|Any CPU.Build.0 = Debug|Any CPU
		{95A2D915-B8AC-3E7C-AA4C-D634F40B5DEF}.Release|Any CPU.ActiveCfg = Release|Any CPU
		{95A2D915-B8AC-3E7C-AA4C-D634F40B5DEF}.Release|Any CPU.Build.0 = Release|Any CPU
	EndGlobalSection
	GlobalSection(SolutionProperties) = preSolution
		HideSolutionNode = FALSE
	EndGlobalSection
	GlobalSection(ExtensibilityGlobals) = postSolution
		SolutionGuid = {9885217E-2462-4E2A-BA17-E4AAA8EB6585}
	EndGlobalSection
EndGlobal
